// !$*UTF8*$!
{
	archiveVersion = 1;
	classes = {
	};
	objectVersion = 77;
	objects = {

/* Begin PBXBuildFile section */
		21D3DDB62E1AE29600F77D9F /* MiniGit in Frameworks */ = {isa = PBXBuildFile; productRef = 21D3DDB52E1AE29600F77D9F /* MiniGit */; };
		21D3DDE62E1AE39E00F77D9F /* XGit in Frameworks */ = {isa = PBXBuildFile; productRef = 21D3DDE52E1AE39E00F77D9F /* XGit */; };
/* End PBXBuildFile section */

/* Begin PBXContainerItemProxy section */
		21D3DC592E119D1C00F77D9F /* PBXContainerItemProxy */ = {
			isa = PBXContainerItemProxy;
			containerPortal = 21D3DC3E2E119D1A00F77D9F /* Project object */;
			proxyType = 1;
			remoteGlobalIDString = 21D3DC452E119D1A00F77D9F;
			remoteInfo = Rememmo;
		};
		21D3DC632E119D1C00F77D9F /* PBXContainerItemProxy */ = {
			isa = PBXContainerItemProxy;
			containerPortal = 21D3DC3E2E119D1A00F77D9F /* Project object */;
			proxyType = 1;
			remoteGlobalIDString = 21D3DC452E119D1A00F77D9F;
			remoteInfo = Rememmo;
		};
/* End PBXContainerItemProxy section */

/* Begin PBXFileReference section */
		21D3DC462E119D1A00F77D9F /* Rememmo.app */ = {isa = PBXFileReference; explicitFileType = wrapper.application; includeInIndex = 0; path = Rememmo.app; sourceTree = BUILT_PRODUCTS_DIR; };
		21D3DC582E119D1C00F77D9F /* RememmoTests.xctest */ = {isa = PBXFileReference; explicitFileType = wrapper.cfbundle; includeInIndex = 0; path = RememmoTests.xctest; sourceTree = BUILT_PRODUCTS_DIR; };
		21D3DC622E119D1C00F77D9F /* RememmoUITests.xctest */ = {isa = PBXFileReference; explicitFileType = wrapper.cfbundle; includeInIndex = 0; path = RememmoUITests.xctest; sourceTree = BUILT_PRODUCTS_DIR; };
/* End PBXFileReference section */

/* Begin PBXFileSystemSynchronizedRootGroup section */
		21D3DC482E119D1A00F77D9F /* Rememmo */ = {
			isa = PBXFileSystemSynchronizedRootGroup;
			path = Rememmo;
			sourceTree = "<group>";
		};
		21D3DC5B2E119D1C00F77D9F /* RememmoTests */ = {
			isa = PBXFileSystemSynchronizedRootGroup;
			path = RememmoTests;
			sourceTree = "<group>";
		};
		21D3DC652E119D1C00F77D9F /* RememmoUITests */ = {
			isa = PBXFileSystemSynchronizedRootGroup;
			path = RememmoUITests;
			sourceTree = "<group>";
		};
		21D3DC752E119D5500F77D9F /* Docs */ = {
			isa = PBXFileSystemSynchronizedRootGroup;
			path = Docs;
			sourceTree = "<group>";
		};
/* End PBXFileSystemSynchronizedRootGroup section */

/* Begin PBXFrameworksBuildPhase section */
		21D3DC432E119D1A00F77D9F /* Frameworks */ = {
			isa = PBXFrameworksBuildPhase;
			buildActionMask = 2147483647;
			files = (
				21D3DDE62E1AE39E00F77D9F /* XGit in Frameworks */,
				21D3DDB62E1AE29600F77D9F /* MiniGit in Frameworks */,
			);
			runOnlyForDeploymentPostprocessing = 0;
		};
		21D3DC552E119D1C00F77D9F /* Frameworks */ = {
			isa = PBXFrameworksBuildPhase;
			buildActionMask = 2147483647;
			files = (
			);
			runOnlyForDeploymentPostprocessing = 0;
		};
		21D3DC5F2E119D1C00F77D9F /* Frameworks */ = {
			isa = PBXFrameworksBuildPhase;
			buildActionMask = 2147483647;
			files = (
			);
			runOnlyForDeploymentPostprocessing = 0;
		};
/* End PBXFrameworksBuildPhase section */

/* Begin PBXGroup section */
		21D3DC3D2E119D1A00F77D9F = {
			isa = PBXGroup;
			children = (
				21D3DC752E119D5500F77D9F /* Docs */,
				21D3DC482E119D1A00F77D9F /* Rememmo */,
				21D3DC5B2E119D1C00F77D9F /* RememmoTests */,
				21D3DC652E119D1C00F77D9F /* RememmoUITests */,
				21D3DDB42E1AE29600F77D9F /* Frameworks */,
				21D3DC472E119D1A00F77D9F /* Products */,
			);
			sourceTree = "<group>";
		};
		21D3DC472E119D1A00F77D9F /* Products */ = {
			isa = PBXGroup;
			children = (
				21D3DC462E119D1A00F77D9F /* Rememmo.app */,
				21D3DC582E119D1C00F77D9F /* RememmoTests.xctest */,
				21D3DC622E119D1C00F77D9F /* RememmoUITests.xctest */,
			);
			name = Products;
			sourceTree = "<group>";
		};
		21D3DDB42E1AE29600F77D9F /* Frameworks */ = {
			isa = PBXGroup;
			children = (
			);
			name = Frameworks;
			sourceTree = "<group>";
		};
/* End PBXGroup section */

/* Begin PBXNativeTarget section */
		21D3DC452E119D1A00F77D9F /* Rememmo */ = {
			isa = PBXNativeTarget;
			buildConfigurationList = 21D3DC6C2E119D1C00F77D9F /* Build configuration list for PBXNativeTarget "Rememmo" */;
			buildPhases = (
				21D3DC422E119D1A00F77D9F /* Sources */,
				21D3DC432E119D1A00F77D9F /* Frameworks */,
				21D3DC442E119D1A00F77D9F /* Resources */,
			);
			buildRules = (
			);
			dependencies = (
			);
			fileSystemSynchronizedGroups = (
				21D3DC482E119D1A00F77D9F /* Rememmo */,
				21D3DC752E119D5500F77D9F /* Docs */,
			);
			name = Rememmo;
			packageProductDependencies = (
				21D3DDB52E1AE29600F77D9F /* MiniGit */,
				21D3DDE52E1AE39E00F77D9F /* XGit */,
			);
			productName = Rememmo;
			productReference = 21D3DC462E119D1A00F77D9F /* Rememmo.app */;
			productType = "com.apple.product-type.application";
		};
		21D3DC572E119D1C00F77D9F /* RememmoTests */ = {
			isa = PBXNativeTarget;
			buildConfigurationList = 21D3DC6F2E119D1C00F77D9F /* Build configuration list for PBXNativeTarget "RememmoTests" */;
			buildPhases = (
				21D3DC542E119D1C00F77D9F /* Sources */,
				21D3DC552E119D1C00F77D9F /* Frameworks */,
				21D3DC562E119D1C00F77D9F /* Resources */,
			);
			buildRules = (
			);
			dependencies = (
				21D3DC5A2E119D1C00F77D9F /* PBXTargetDependency */,
			);
			fileSystemSynchronizedGroups = (
				21D3DC5B2E119D1C00F77D9F /* RememmoTests */,
			);
			name = RememmoTests;
			packageProductDependencies = (
			);
			productName = RememmoTests;
			productReference = 21D3DC582E119D1C00F77D9F /* RememmoTests.xctest */;
			productType = "com.apple.product-type.bundle.unit-test";
		};
		21D3DC612E119D1C00F77D9F /* RememmoUITests */ = {
			isa = PBXNativeTarget;
			buildConfigurationList = 21D3DC722E119D1C00F77D9F /* Build configuration list for PBXNativeTarget "RememmoUITests" */;
			buildPhases = (
				21D3DC5E2E119D1C00F77D9F /* Sources */,
				21D3DC5F2E119D1C00F77D9F /* Frameworks */,
				21D3DC602E119D1C00F77D9F /* Resources */,
			);
			buildRules = (
			);
			dependencies = (
				21D3DC642E119D1C00F77D9F /* PBXTargetDependency */,
			);
			fileSystemSynchronizedGroups = (
				21D3DC652E119D1C00F77D9F /* RememmoUITests */,
			);
			name = RememmoUITests;
			packageProductDependencies = (
			);
			productName = RememmoUITests;
			productReference = 21D3DC622E119D1C00F77D9F /* RememmoUITests.xctest */;
			productType = "com.apple.product-type.bundle.ui-testing";
		};
/* End PBXNativeTarget section */

/* Begin PBXProject section */
		21D3DC3E2E119D1A00F77D9F /* Project object */ = {
			isa = PBXProject;
			attributes = {
				BuildIndependentTargetsInParallel = 1;
				LastSwiftUpdateCheck = 1620;
				LastUpgradeCheck = 1620;
				TargetAttributes = {
					21D3DC452E119D1A00F77D9F = {
						CreatedOnToolsVersion = 16.2;
					};
					21D3DC572E119D1C00F77D9F = {
						CreatedOnToolsVersion = 16.2;
						TestTargetID = 21D3DC452E119D1A00F77D9F;
					};
					21D3DC612E119D1C00F77D9F = {
						CreatedOnToolsVersion = 16.2;
						TestTargetID = 21D3DC452E119D1A00F77D9F;
					};
				};
			};
			buildConfigurationList = 21D3DC412E119D1A00F77D9F /* Build configuration list for PBXProject "Rememmo" */;
			developmentRegion = en;
			hasScannedForEncodings = 0;
			knownRegions = (
				en,
				Base,
			);
			mainGroup = 21D3DC3D2E119D1A00F77D9F;
			minimizedProjectReferenceProxies = 1;
			packageReferences = (
				21D3DDB32E1AE14700F77D9F /* XCRemoteSwiftPackageReference "MiniGit" */,
			);
			preferredProjectObjectVersion = 77;
			productRefGroup = 21D3DC472E119D1A00F77D9F /* Products */;
			projectDirPath = "";
			projectRoot = "";
			targets = (
				21D3DC452E119D1A00F77D9F /* Rememmo */,
				21D3DC572E119D1C00F77D9F /* RememmoTests */,
				21D3DC612E119D1C00F77D9F /* RememmoUITests */,
			);
		};
/* End PBXProject section */

/* Begin PBXResourcesBuildPhase section */
		21D3DC442E119D1A00F77D9F /* Resources */ = {
			isa = PBXResourcesBuildPhase;
			buildActionMask = 2147483647;
			files = (
			);
			runOnlyForDeploymentPostprocessing = 0;
		};
		21D3DC562E119D1C00F77D9F /* Resources */ = {
			isa = PBXResourcesBuildPhase;
			buildActionMask = 2147483647;
			files = (
			);
			runOnlyForDeploymentPostprocessing = 0;
		};
		21D3DC602E119D1C00F77D9F /* Resources */ = {
			isa = PBXResourcesBuildPhase;
			buildActionMask = 2147483647;
			files = (
			);
			runOnlyForDeploymentPostprocessing = 0;
		};
/* End PBXResourcesBuildPhase section */

/* Begin PBXSourcesBuildPhase section */
		21D3DC422E119D1A00F77D9F /* Sources */ = {
			isa = PBXSourcesBuildPhase;
			buildActionMask = 2147483647;
			files = (
			);
			runOnlyForDeploymentPostprocessing = 0;
		};
		21D3DC542E119D1C00F77D9F /* Sources */ = {
			isa = PBXSourcesBuildPhase;
			buildActionMask = 2147483647;
			files = (
			);
			runOnlyForDeploymentPostprocessing = 0;
		};
		21D3DC5E2E119D1C00F77D9F /* Sources */ = {
			isa = PBXSourcesBuildPhase;
			buildActionMask = 2147483647;
			files = (
			);
			runOnlyForDeploymentPostprocessing = 0;
		};
/* End PBXSourcesBuildPhase section */

/* Begin PBXTargetDependency section */
		21D3DC5A2E119D1C00F77D9F /* PBXTargetDependency */ = {
			isa = PBXTargetDependency;
			target = 21D3DC452E119D1A00F77D9F /* Rememmo */;
			targetProxy = 21D3DC592E119D1C00F77D9F /* PBXContainerItemProxy */;
		};
		21D3DC642E119D1C00F77D9F /* PBXTargetDependency */ = {
			isa = PBXTargetDependency;
			target = 21D3DC452E119D1A00F77D9F /* Rememmo */;
			targetProxy = 21D3DC632E119D1C00F77D9F /* PBXContainerItemProxy */;
		};
/* End PBXTargetDependency section */

/* Begin XCBuildConfiguration section */
		21D3DC6A2E119D1C00F77D9F /* Debug */ = {
			isa = XCBuildConfiguration;
			buildSettings = {
				ALWAYS_SEARCH_USER_PATHS = NO;
				ASSETCATALOG_COMPILER_GENERATE_SWIFT_ASSET_SYMBOL_EXTENSIONS = YES;
				CLANG_ANALYZER_NONNULL = YES;
				CLANG_ANALYZER_NUMBER_OBJECT_CONVERSION = YES_AGGRESSIVE;
				CLANG_CXX_LANGUAGE_STANDARD = "gnu++20";
				CLANG_ENABLE_MODULES = YES;
				CLANG_ENABLE_OBJC_ARC = YES;
				CLANG_ENABLE_OBJC_WEAK = YES;
				CLANG_WARN_BLOCK_CAPTURE_AUTORELEASING = YES;
				CLANG_WARN_BOOL_CONVERSION = YES;
				CLANG_WARN_COMMA = YES;
				CLANG_WARN_CONSTANT_CONVERSION = YES;
				CLANG_WARN_DEPRECATED_OBJC_IMPLEMENTATIONS = YES;
				CLANG_WARN_DIRECT_OBJC_ISA_USAGE = YES_ERROR;
				CLANG_WARN_DOCUMENTATION_COMMENTS = YES;
				CLANG_WARN_EMPTY_BODY = YES;
				CLANG_WARN_ENUM_CONVERSION = YES;
				CLANG_WARN_INFINITE_RECURSION = YES;
				CLANG_WARN_INT_CONVERSION = YES;
				CLANG_WARN_NON_LITERAL_NULL_CONVERSION = YES;
				CLANG_WARN_OBJC_IMPLICIT_RETAIN_SELF = YES;
				CLANG_WARN_OBJC_LITERAL_CONVERSION = YES;
				CLANG_WARN_OBJC_ROOT_CLASS = YES_ERROR;
				CLANG_WARN_QUOTED_INCLUDE_IN_FRAMEWORK_HEADER = YES;
				CLANG_WARN_RANGE_LOOP_ANALYSIS = YES;
				CLANG_WARN_STRICT_PROTOTYPES = YES;
				CLANG_WARN_SUSPICIOUS_MOVE = YES;
				CLANG_WARN_UNGUARDED_AVAILABILITY = YES_AGGRESSIVE;
				CLANG_WARN_UNREACHABLE_CODE = YES;
				CLANG_WARN__DUPLICATE_METHOD_MATCH = YES;
				COPY_PHASE_STRIP = NO;
				DEBUG_INFORMATION_FORMAT = dwarf;
				ENABLE_STRICT_OBJC_MSGSEND = YES;
				ENABLE_TESTABILITY = YES;
				ENABLE_USER_SCRIPT_SANDBOXING = YES;
				GCC_C_LANGUAGE_STANDARD = gnu17;
				GCC_DYNAMIC_NO_PIC = NO;
				GCC_NO_COMMON_BLOCKS = YES;
				GCC_OPTIMIZATION_LEVEL = 0;
				GCC_PREPROCESSOR_DEFINITIONS = (
					"DEBUG=1",
					"$(inherited)",
				);
				GCC_WARN_64_TO_32_BIT_CONVERSION = YES;
				GCC_WARN_ABOUT_RETURN_TYPE = YES_ERROR;
				GCC_WARN_UNDECLARED_SELECTOR = YES;
				GCC_WARN_UNINITIALIZED_AUTOS = YES_AGGRESSIVE;
				GCC_WARN_UNUSED_FUNCTION = YES;
				GCC_WARN_UNUSED_VARIABLE = YES;
				IPHONEOS_DEPLOYMENT_TARGET = 18.2;
				LOCALIZATION_PREFERS_STRING_CATALOGS = YES;
				MTL_ENABLE_DEBUG_INFO = INCLUDE_SOURCE;
				MTL_FAST_MATH = YES;
				ONLY_ACTIVE_ARCH = YES;
				SDKROOT = iphoneos;
				SWIFT_ACTIVE_COMPILATION_CONDITIONS = "DEBUG $(inherited)";
				SWIFT_OPTIMIZATION_LEVEL = "-Onone";
			};
			name = Debug;
		};
		21D3DC6B2E119D1C00F77D9F /* Release */ = {
			isa = XCBuildConfiguration;
			buildSettings = {
				ALWAYS_SEARCH_USER_PATHS = NO;
				ASSETCATALOG_COMPILER_GENERATE_SWIFT_ASSET_SYMBOL_EXTENSIONS = YES;
				CLANG_ANALYZER_NONNULL = YES;
				CLANG_ANALYZER_NUMBER_OBJECT_CONVERSION = YES_AGGRESSIVE;
				CLANG_CXX_LANGUAGE_STANDARD = "gnu++20";
				CLANG_ENABLE_MODULES = YES;
				CLANG_ENABLE_OBJC_ARC = YES;
				CLANG_ENABLE_OBJC_WEAK = YES;
				CLANG_WARN_BLOCK_CAPTURE_AUTORELEASING = YES;
				CLANG_WARN_BOOL_CONVERSION = YES;
				CLANG_WARN_COMMA = YES;
				CLANG_WARN_CONSTANT_CONVERSION = YES;
				CLANG_WARN_DEPRECATED_OBJC_IMPLEMENTATIONS = YES;
				CLANG_WARN_DIRECT_OBJC_ISA_USAGE = YES_ERROR;
				CLANG_WARN_DOCUMENTATION_COMMENTS = YES;
				CLANG_WARN_EMPTY_BODY = YES;
				CLANG_WARN_ENUM_CONVERSION = YES;
				CLANG_WARN_INFINITE_RECURSION = YES;
				CLANG_WARN_INT_CONVERSION = YES;
				CLANG_WARN_NON_LITERAL_NULL_CONVERSION = YES;
				CLANG_WARN_OBJC_IMPLICIT_RETAIN_SELF = YES;
				CLANG_WARN_OBJC_LITERAL_CONVERSION = YES;
				CLANG_WARN_OBJC_ROOT_CLASS = YES_ERROR;
				CLANG_WARN_QUOTED_INCLUDE_IN_FRAMEWORK_HEADER = YES;
				CLANG_WARN_RANGE_LOOP_ANALYSIS = YES;
				CLANG_WARN_STRICT_PROTOTYPES = YES;
				CLANG_WARN_SUSPICIOUS_MOVE = YES;
				CLANG_WARN_UNGUARDED_AVAILABILITY = YES_AGGRESSIVE;
				CLANG_WARN_UNREACHABLE_CODE = YES;
				CLANG_WARN__DUPLICATE_METHOD_MATCH = YES;
				COPY_PHASE_STRIP = NO;
				DEBUG_INFORMATION_FORMAT = "dwarf-with-dsym";
				ENABLE_NS_ASSERTIONS = NO;
				ENABLE_STRICT_OBJC_MSGSEND = YES;
				ENABLE_USER_SCRIPT_SANDBOXING = YES;
				GCC_C_LANGUAGE_STANDARD = gnu17;
				GCC_NO_COMMON_BLOCKS = YES;
				GCC_WARN_64_TO_32_BIT_CONVERSION = YES;
				GCC_WARN_ABOUT_RETURN_TYPE = YES_ERROR;
				GCC_WARN_UNDECLARED_SELECTOR = YES;
				GCC_WARN_UNINITIALIZED_AUTOS = YES_AGGRESSIVE;
				GCC_WARN_UNUSED_FUNCTION = YES;
				GCC_WARN_UNUSED_VARIABLE = YES;
				IPHONEOS_DEPLOYMENT_TARGET = 18.2;
				LOCALIZATION_PREFERS_STRING_CATALOGS = YES;
				MTL_ENABLE_DEBUG_INFO = NO;
				MTL_FAST_MATH = YES;
				SDKROOT = iphoneos;
				SWIFT_COMPILATION_MODE = wholemodule;
				VALIDATE_PRODUCT = YES;
			};
			name = Release;
		};
		21D3DC6D2E119D1C00F77D9F /* Debug */ = {
			isa = XCBuildConfiguration;
			buildSettings = {
				ASSETCATALOG_COMPILER_APPICON_NAME = AppIcon;
				ASSETCATALOG_COMPILER_GLOBAL_ACCENT_COLOR_NAME = AccentColor;
				CODE_SIGN_STYLE = Automatic;
				CURRENT_PROJECT_VERSION = 1;
				DEVELOPMENT_ASSET_PATHS = "\"Rememmo/Preview Content\"";
				DEVELOPMENT_TEAM = 8V9J8J2HJG;
				ENABLE_PREVIEWS = YES;
				GENERATE_INFOPLIST_FILE = YES;
				INFOPLIST_KEY_UIApplicationSceneManifest_Generation = YES;
				INFOPLIST_KEY_UIApplicationSupportsIndirectInputEvents = YES;
				INFOPLIST_KEY_UILaunchScreen_Generation = YES;
				INFOPLIST_KEY_UISupportedInterfaceOrientations_iPad = "UIInterfaceOrientationPortrait UIInterfaceOrientationPortraitUpsideDown UIInterfaceOrientationLandscapeLeft UIInterfaceOrientationLandscapeRight";
				INFOPLIST_KEY_UISupportedInterfaceOrientations_iPhone = "UIInterfaceOrientationPortrait UIInterfaceOrientationLandscapeLeft UIInterfaceOrientationLandscapeRight";
				LD_RUNPATH_SEARCH_PATHS = (
					"$(inherited)",
					"@executable_path/Frameworks",
				);
				MARKETING_VERSION = 1.0;
				PRODUCT_BUNDLE_IDENTIFIER = com.gmail.hkddna5.Rememmo;
				PRODUCT_NAME = "$(TARGET_NAME)";
				SWIFT_EMIT_LOC_STRINGS = YES;
				SWIFT_VERSION = 5.0;
				TARGETED_DEVICE_FAMILY = "1,2";
			};
			name = Debug;
		};
		21D3DC6E2E119D1C00F77D9F /* Release */ = {
			isa = XCBuildConfiguration;
			buildSettings = {
				ASSETCATALOG_COMPILER_APPICON_NAME = AppIcon;
				ASSETCATALOG_COMPILER_GLOBAL_ACCENT_COLOR_NAME = AccentColor;
				CODE_SIGN_STYLE = Automatic;
				CURRENT_PROJECT_VERSION = 1;
				DEVELOPMENT_ASSET_PATHS = "\"Rememmo/Preview Content\"";
				DEVELOPMENT_TEAM = 8V9J8J2HJG;
				ENABLE_PREVIEWS = YES;
				GENERATE_INFOPLIST_FILE = YES;
				INFOPLIST_KEY_UIApplicationSceneManifest_Generation = YES;
				INFOPLIST_KEY_UIApplicationSupportsIndirectInputEvents = YES;
				INFOPLIST_KEY_UILaunchScreen_Generation = YES;
				INFOPLIST_KEY_UISupportedInterfaceOrientations_iPad = "UIInterfaceOrientationPortrait UIInterfaceOrientationPortraitUpsideDown UIInterfaceOrientationLandscapeLeft UIInterfaceOrientationLandscapeRight";
				INFOPLIST_KEY_UISupportedInterfaceOrientations_iPhone = "UIInterfaceOrientationPortrait UIInterfaceOrientationLandscapeLeft UIInterfaceOrientationLandscapeRight";
				LD_RUNPATH_SEARCH_PATHS = (
					"$(inherited)",
					"@executable_path/Frameworks",
				);
				MARKETING_VERSION = 1.0;
				PRODUCT_BUNDLE_IDENTIFIER = com.gmail.hkddna5.Rememmo;
				PRODUCT_NAME = "$(TARGET_NAME)";
				SWIFT_EMIT_LOC_STRINGS = YES;
				SWIFT_VERSION = 5.0;
				TARGETED_DEVICE_FAMILY = "1,2";
			};
			name = Release;
		};
		21D3DC702E119D1C00F77D9F /* Debug */ = {
			isa = XCBuildConfiguration;
			buildSettings = {
				BUNDLE_LOADER = "$(TEST_HOST)";
				CODE_SIGN_STYLE = Automatic;
				CURRENT_PROJECT_VERSION = 1;
				DEVELOPMENT_TEAM = 8V9J8J2HJG;
				GENERATE_INFOPLIST_FILE = YES;
				IPHONEOS_DEPLOYMENT_TARGET = 18.2;
				MARKETING_VERSION = 1.0;
				PRODUCT_BUNDLE_IDENTIFIER = com.gmail.hkddna5.RememmoTests;
				PRODUCT_NAME = "$(TARGET_NAME)";
				SWIFT_EMIT_LOC_STRINGS = NO;
				SWIFT_VERSION = 5.0;
				TARGETED_DEVICE_FAMILY = "1,2";
				TEST_HOST = "$(BUILT_PRODUCTS_DIR)/Rememmo.app/$(BUNDLE_EXECUTABLE_FOLDER_PATH)/Rememmo";
			};
			name = Debug;
		};
		21D3DC712E119D1C00F77D9F /* Release */ = {
			isa = XCBuildConfiguration;
			buildSettings = {
				BUNDLE_LOADER = "$(TEST_HOST)";
				CODE_SIGN_STYLE = Automatic;
				CURRENT_PROJECT_VERSION = 1;
				DEVELOPMENT_TEAM = 8V9J8J2HJG;
				GENERATE_INFOPLIST_FILE = YES;
				IPHONEOS_DEPLOYMENT_TARGET = 18.2;
				MARKETING_VERSION = 1.0;
				PRODUCT_BUNDLE_IDENTIFIER = com.gmail.hkddna5.RememmoTests;
				PRODUCT_NAME = "$(TARGET_NAME)";
				SWIFT_EMIT_LOC_STRINGS = NO;
				SWIFT_VERSION = 5.0;
				TARGETED_DEVICE_FAMILY = "1,2";
				TEST_HOST = "$(BUILT_PRODUCTS_DIR)/Rememmo.app/$(BUNDLE_EXECUTABLE_FOLDER_PATH)/Rememmo";
			};
			name = Release;
		};
		21D3DC732E119D1C00F77D9F /* Debug */ = {
			isa = XCBuildConfiguration;
			buildSettings = {
				CODE_SIGN_STYLE = Automatic;
				CURRENT_PROJECT_VERSION = 1;
				DEVELOPMENT_TEAM = 8V9J8J2HJG;
				GENERATE_INFOPLIST_FILE = YES;
				MARKETING_VERSION = 1.0;
				PRODUCT_BUNDLE_IDENTIFIER = com.gmail.hkddna5.RememmoUITests;
				PRODUCT_NAME = "$(TARGET_NAME)";
				SWIFT_EMIT_LOC_STRINGS = NO;
				SWIFT_VERSION = 5.0;
				TARGETED_DEVICE_FAMILY = "1,2";
				TEST_TARGET_NAME = Rememmo;
			};
			name = Debug;
		};
		21D3DC742E119D1C00F77D9F /* Release */ = {
			isa = XCBuildConfiguration;
			buildSettings = {
				CODE_SIGN_STYLE = Automatic;
				CURRENT_PROJECT_VERSION = 1;
				DEVELOPMENT_TEAM = 8V9J8J2HJG;
				GENERATE_INFOPLIST_FILE = YES;
				MARKETING_VERSION = 1.0;
				PRODUCT_BUNDLE_IDENTIFIER = com.gmail.hkddna5.RememmoUITests;
				PRODUCT_NAME = "$(TARGET_NAME)";
				SWIFT_EMIT_LOC_STRINGS = NO;
				SWIFT_VERSION = 5.0;
				TARGETED_DEVICE_FAMILY = "1,2";
				TEST_TARGET_NAME = Rememmo;
			};
			name = Release;
		};
/* End XCBuildConfiguration section */

/* Begin XCConfigurationList section */
		21D3DC412E119D1A00F77D9F /* Build configuration list for PBXProject "Rememmo" */ = {
			isa = XCConfigurationList;
			buildConfigurations = (
				21D3DC6A2E119D1C00F77D9F /* Debug */,
				21D3DC6B2E119D1C00F77D9F /* Release */,
			);
			defaultConfigurationIsVisible = 0;
			defaultConfigurationName = Release;
		};
		21D3DC6C2E119D1C00F77D9F /* Build configuration list for PBXNativeTarget "Rememmo" */ = {
			isa = XCConfigurationList;
			buildConfigurations = (
				21D3DC6D2E119D1C00F77D9F /* Debug */,
				21D3DC6E2E119D1C00F77D9F /* Release */,
			);
			defaultConfigurationIsVisible = 0;
			defaultConfigurationName = Release;
		};
		21D3DC6F2E119D1C00F77D9F /* Build configuration list for PBXNativeTarget "RememmoTests" */ = {
			isa = XCConfigurationList;
			buildConfigurations = (
				21D3DC702E119D1C00F77D9F /* Debug */,
				21D3DC712E119D1C00F77D9F /* Release */,
			);
			defaultConfigurationIsVisible = 0;
			defaultConfigurationName = Release;
		};
		21D3DC722E119D1C00F77D9F /* Build configuration list for PBXNativeTarget "RememmoUITests" */ = {
			isa = XCConfigurationList;
			buildConfigurations = (
				21D3DC732E119D1C00F77D9F /* Debug */,
				21D3DC742E119D1C00F77D9F /* Release */,
			);
			defaultConfigurationIsVisible = 0;
			defaultConfigurationName = Release;
		};
/* End XCConfigurationList section */

/* Begin XCRemoteSwiftPackageReference section */
		21D3DDB32E1AE14700F77D9F /* XCRemoteSwiftPackageReference "MiniGit" */ = {
			isa = XCRemoteSwiftPackageReference;
			repositoryURL = "https://github.com/light-tech/MiniGit";
			requirement = {
				branch = main;
				kind = branch;
			};
		};
/* End XCRemoteSwiftPackageReference section */

/* Begin XCSwiftPackageProductDependency section */
		21D3DDB52E1AE29600F77D9F /* MiniGit */ = {
			isa = XCSwiftPackageProductDependency;
			package = 21D3DDB32E1AE14700F77D9F /* XCRemoteSwiftPackageReference "MiniGit" */;
			productName = MiniGit;
		};
		21D3DDE52E1AE39E00F77D9F /* XGit */ = {
			isa = XCSwiftPackageProductDependency;
			package = 21D3DDB32E1AE14700F77D9F /* XCRemoteSwiftPackageReference "MiniGit" */;
			productName = XGit;
		};
/* End XCSwiftPackageProductDependency section */
	};
	rootObject = 21D3DC3E2E119D1A00F77D9F /* Project object */;
}
